// !$*UTF8*$!
{
	archiveVersion = 1;
	classes = {
	};
	objectVersion = 46;
	objects = {

/* Begin PBXBuildFile section */
		4CBC150C1BCF9593002F7BD6 /* AppDelegate.swift in Sources */ = {isa = PBXBuildFile; fileRef = 4CBC150B1BCF9593002F7BD6 /* AppDelegate.swift */; };
		4CBC150E1BCF9593002F7BD6 /* ViewController.swift in Sources */ = {isa = PBXBuildFile; fileRef = 4CBC150D1BCF9593002F7BD6 /* ViewController.swift */; };
		4CBC15131BCF9593002F7BD6 /* Assets.xcassets in Resources */ = {isa = PBXBuildFile; fileRef = 4CBC15121BCF9593002F7BD6 /* Assets.xcassets */; };
		4CBC15211BCF9593002F7BD6 /* TableViewIndexTests.swift in Sources */ = {isa = PBXBuildFile; fileRef = 4CBC15201BCF9593002F7BD6 /* TableViewIndexTests.swift */; };
		4CBC152C1BCF9593002F7BD6 /* TableViewIndexUITests.swift in Sources */ = {isa = PBXBuildFile; fileRef = 4CBC152B1BCF9593002F7BD6 /* TableViewIndexUITests.swift */; };
		4CBC15541BCF9650002F7BD6 /* MCTableViewIndex.swift in Sources */ = {isa = PBXBuildFile; fileRef = 4CBC15391BCF964F002F7BD6 /* MCTableViewIndex.swift */; settings = {ASSET_TAGS = (); }; };
		4CBC15551BCF9650002F7BD6 /* ArrayDispose.m in Sources */ = {isa = PBXBuildFile; fileRef = 4CBC153C1BCF964F002F7BD6 /* ArrayDispose.m */; settings = {ASSET_TAGS = (); }; };
		4CBC15561BCF9650002F7BD6 /* FMDatabase.m in Sources */ = {isa = PBXBuildFile; fileRef = 4CBC153F1BCF964F002F7BD6 /* FMDatabase.m */; settings = {ASSET_TAGS = (); }; };
		4CBC15571BCF9650002F7BD6 /* FMDatabaseAdditions.m in Sources */ = {isa = PBXBuildFile; fileRef = 4CBC15411BCF964F002F7BD6 /* FMDatabaseAdditions.m */; settings = {ASSET_TAGS = (); }; };
		4CBC15581BCF9650002F7BD6 /* FMDatabasePool.m in Sources */ = {isa = PBXBuildFile; fileRef = 4CBC15431BCF964F002F7BD6 /* FMDatabasePool.m */; settings = {ASSET_TAGS = (); }; };
		4CBC15591BCF9650002F7BD6 /* FMDatabaseQueue.m in Sources */ = {isa = PBXBuildFile; fileRef = 4CBC15451BCF964F002F7BD6 /* FMDatabaseQueue.m */; settings = {ASSET_TAGS = (); }; };
		4CBC155A1BCF9650002F7BD6 /* FMResultSet.m in Sources */ = {isa = PBXBuildFile; fileRef = 4CBC15471BCF964F002F7BD6 /* FMResultSet.m */; settings = {ASSET_TAGS = (); }; };
		4CBC155B1BCF9650002F7BD6 /* MCDataProcessing.swift in Sources */ = {isa = PBXBuildFile; fileRef = 4CBC15481BCF964F002F7BD6 /* MCDataProcessing.swift */; settings = {ASSET_TAGS = (); }; };
		4CBC155C1BCF9650002F7BD6 /* MCmodel.swift in Sources */ = {isa = PBXBuildFile; fileRef = 4CBC15491BCF964F002F7BD6 /* MCmodel.swift */; settings = {ASSET_TAGS = (); }; };
		4CBC155D1BCF9650002F7BD6 /* MCSaerchModel.swift in Sources */ = {isa = PBXBuildFile; fileRef = 4CBC154A1BCF9650002F7BD6 /* MCSaerchModel.swift */; settings = {ASSET_TAGS = (); }; };
		4CBC155E1BCF9650002F7BD6 /* SelectStationView.swift in Sources */ = {isa = PBXBuildFile; fileRef = 4CBC154B1BCF9650002F7BD6 /* SelectStationView.swift */; settings = {ASSET_TAGS = (); }; };
		4CBC155F1BCF9650002F7BD6 /* SelectStationViewController.swift in Sources */ = {isa = PBXBuildFile; fileRef = 4CBC154C1BCF9650002F7BD6 /* SelectStationViewController.swift */; settings = {ASSET_TAGS = (); }; };
		4CBC15601BCF9650002F7BD6 /* StationViewController.swift in Sources */ = {isa = PBXBuildFile; fileRef = 4CBC154D1BCF9650002F7BD6 /* StationViewController.swift */; settings = {ASSET_TAGS = (); }; };
		4CBC15611BCF9650002F7BD6 /* flotageBackgroud@2x.png in Resources */ = {isa = PBXBuildFile; fileRef = 4CBC154F1BCF9650002F7BD6 /* flotageBackgroud@2x.png */; settings = {ASSET_TAGS = (); }; };
		4CBC15621BCF9650002F7BD6 /* MCTableViewIndex.swift in Sources */ = {isa = PBXBuildFile; fileRef = 4CBC15501BCF9650002F7BD6 /* MCTableViewIndex.swift */; settings = {ASSET_TAGS = (); }; };
		4CBC15631BCF9650002F7BD6 /* SelectStationView.swift in Sources */ = {isa = PBXBuildFile; fileRef = 4CBC15511BCF9650002F7BD6 /* SelectStationView.swift */; settings = {ASSET_TAGS = (); }; };
		4CBC15641BCF9650002F7BD6 /* ViewPerformSelector.m in Sources */ = {isa = PBXBuildFile; fileRef = 4CBC15531BCF9650002F7BD6 /* ViewPerformSelector.m */; settings = {ASSET_TAGS = (); }; };
/* End PBXBuildFile section */

/* Begin PBXContainerItemProxy section */
		4CBC151D1BCF9593002F7BD6 /* PBXContainerItemProxy */ = {
			isa = PBXContainerItemProxy;
			containerPortal = 4CBC15001BCF9593002F7BD6 /* Project object */;
			proxyType = 1;
			remoteGlobalIDString = 4CBC15071BCF9593002F7BD6;
			remoteInfo = TableViewIndex;
		};
		4CBC15281BCF9593002F7BD6 /* PBXContainerItemProxy */ = {
			isa = PBXContainerItemProxy;
			containerPortal = 4CBC15001BCF9593002F7BD6 /* Project object */;
			proxyType = 1;
			remoteGlobalIDString = 4CBC15071BCF9593002F7BD6;
			remoteInfo = TableViewIndex;
		};
/* End PBXContainerItemProxy section */

/* Begin PBXFileReference section */
		4CBC15081BCF9593002F7BD6 /* TableViewIndex.app */ = {isa = PBXFileReference; explicitFileType = wrapper.application; includeInIndex = 0; path = TableViewIndex.app; sourceTree = BUILT_PRODUCTS_DIR; };
		4CBC150B1BCF9593002F7BD6 /* AppDelegate.swift */ = {isa = PBXFileReference; lastKnownFileType = sourcecode.swift; path = AppDelegate.swift; sourceTree = "<group>"; };
		4CBC150D1BCF9593002F7BD6 /* ViewController.swift */ = {isa = PBXFileReference; lastKnownFileType = sourcecode.swift; path = ViewController.swift; sourceTree = "<group>"; };
		4CBC15121BCF9593002F7BD6 /* Assets.xcassets */ = {isa = PBXFileReference; lastKnownFileType = folder.assetcatalog; path = Assets.xcassets; sourceTree = "<group>"; };
		4CBC15171BCF9593002F7BD6 /* Info.plist */ = {isa = PBXFileReference; lastKnownFileType = text.plist.xml; path = Info.plist; sourceTree = "<group>"; };
		4CBC151C1BCF9593002F7BD6 /* TableViewIndexTests.xctest */ = {isa = PBXFileReference; explicitFileType = wrapper.cfbundle; includeInIndex = 0; path = TableViewIndexTests.xctest; sourceTree = BUILT_PRODUCTS_DIR; };
		4CBC15201BCF9593002F7BD6 /* TableViewIndexTests.swift */ = {isa = PBXFileReference; lastKnownFileType = sourcecode.swift; path = TableViewIndexTests.swift; sourceTree = "<group>"; };
		4CBC15221BCF9593002F7BD6 /* Info.plist */ = {isa = PBXFileReference; lastKnownFileType = text.plist.xml; path = Info.plist; sourceTree = "<group>"; };
		4CBC15271BCF9593002F7BD6 /* TableViewIndexUITests.xctest */ = {isa = PBXFileReference; explicitFileType = wrapper.cfbundle; includeInIndex = 0; path = TableViewIndexUITests.xctest; sourceTree = BUILT_PRODUCTS_DIR; };
		4CBC152B1BCF9593002F7BD6 /* TableViewIndexUITests.swift */ = {isa = PBXFileReference; lastKnownFileType = sourcecode.swift; path = TableViewIndexUITests.swift; sourceTree = "<group>"; };
		4CBC152D1BCF9593002F7BD6 /* Info.plist */ = {isa = PBXFileReference; lastKnownFileType = text.plist.xml; path = Info.plist; sourceTree = "<group>"; };
		4CBC15391BCF964F002F7BD6 /* MCTableViewIndex.swift */ = {isa = PBXFileReference; fileEncoding = 4; lastKnownFileType = sourcecode.swift; path = MCTableViewIndex.swift; sourceTree = "<group>"; };
		4CBC153B1BCF964F002F7BD6 /* ArrayDispose.h */ = {isa = PBXFileReference; fileEncoding = 4; lastKnownFileType = sourcecode.c.h; path = ArrayDispose.h; sourceTree = "<group>"; };
		4CBC153C1BCF964F002F7BD6 /* ArrayDispose.m */ = {isa = PBXFileReference; fileEncoding = 4; lastKnownFileType = sourcecode.c.objc; path = ArrayDispose.m; sourceTree = "<group>"; };
		4CBC153E1BCF964F002F7BD6 /* FMDatabase.h */ = {isa = PBXFileReference; fileEncoding = 4; lastKnownFileType = sourcecode.c.h; path = FMDatabase.h; sourceTree = "<group>"; };
		4CBC153F1BCF964F002F7BD6 /* FMDatabase.m */ = {isa = PBXFileReference; fileEncoding = 4; lastKnownFileType = sourcecode.c.objc; path = FMDatabase.m; sourceTree = "<group>"; };
		4CBC15401BCF964F002F7BD6 /* FMDatabaseAdditions.h */ = {isa = PBXFileReference; fileEncoding = 4; lastKnownFileType = sourcecode.c.h; path = FMDatabaseAdditions.h; sourceTree = "<group>"; };
		4CBC15411BCF964F002F7BD6 /* FMDatabaseAdditions.m */ = {isa = PBXFileReference; fileEncoding = 4; lastKnownFileType = sourcecode.c.objc; path = FMDatabaseAdditions.m; sourceTree = "<group>"; };
		4CBC15421BCF964F002F7BD6 /* FMDatabasePool.h */ = {isa = PBXFileReference; fileEncoding = 4; lastKnownFileType = sourcecode.c.h; path = FMDatabasePool.h; sourceTree = "<group>"; };
		4CBC15431BCF964F002F7BD6 /* FMDatabasePool.m */ = {isa = PBXFileReference; fileEncoding = 4; lastKnownFileType = sourcecode.c.objc; path = FMDatabasePool.m; sourceTree = "<group>"; };
		4CBC15441BCF964F002F7BD6 /* FMDatabaseQueue.h */ = {isa = PBXFileReference; fileEncoding = 4; lastKnownFileType = sourcecode.c.h; path = FMDatabaseQueue.h; sourceTree = "<group>"; };
		4CBC15451BCF964F002F7BD6 /* FMDatabaseQueue.m */ = {isa = PBXFileReference; fileEncoding = 4; lastKnownFileType = sourcecode.c.objc; path = FMDatabaseQueue.m; sourceTree = "<group>"; };
		4CBC15461BCF964F002F7BD6 /* FMResultSet.h */ = {isa = PBXFileReference; fileEncoding = 4; lastKnownFileType = sourcecode.c.h; path = FMResultSet.h; sourceTree = "<group>"; };
		4CBC15471BCF964F002F7BD6 /* FMResultSet.m */ = {isa = PBXFileReference; fileEncoding = 4; lastKnownFileType = sourcecode.c.objc; path = FMResultSet.m; sourceTree = "<group>"; };
		4CBC15481BCF964F002F7BD6 /* MCDataProcessing.swift */ = {isa = PBXFileReference; fileEncoding = 4; lastKnownFileType = sourcecode.swift; path = MCDataProcessing.swift; sourceTree = "<group>"; };
		4CBC15491BCF964F002F7BD6 /* MCmodel.swift */ = {isa = PBXFileReference; fileEncoding = 4; lastKnownFileType = sourcecode.swift; path = MCmodel.swift; sourceTree = "<group>"; };
		4CBC154A1BCF9650002F7BD6 /* MCSaerchModel.swift */ = {isa = PBXFileReference; fileEncoding = 4; lastKnownFileType = sourcecode.swift; path = MCSaerchModel.swift; sourceTree = "<group>"; };
		4CBC154B1BCF9650002F7BD6 /* SelectStationView.swift */ = {isa = PBXFileReference; fileEncoding = 4; lastKnownFileType = sourcecode.swift; path = SelectStationView.swift; sourceTree = "<group>"; };
		4CBC154C1BCF9650002F7BD6 /* SelectStationViewController.swift */ = {isa = PBXFileReference; fileEncoding = 4; lastKnownFileType = sourcecode.swift; path = SelectStationViewController.swift; sourceTree = "<group>"; };
		4CBC154D1BCF9650002F7BD6 /* StationViewController.swift */ = {isa = PBXFileReference; fileEncoding = 4; lastKnownFileType = sourcecode.swift; path = StationViewController.swift; sourceTree = "<group>"; };
		4CBC154F1BCF9650002F7BD6 /* flotageBackgroud@2x.png */ = {isa = PBXFileReference; lastKnownFileType = image.png; path = "flotageBackgroud@2x.png"; sourceTree = "<group>"; };
		4CBC15501BCF9650002F7BD6 /* MCTableViewIndex.swift */ = {isa = PBXFileReference; fileEncoding = 4; lastKnownFileType = sourcecode.swift; path = MCTableViewIndex.swift; sourceTree = "<group>"; };
		4CBC15511BCF9650002F7BD6 /* SelectStationView.swift */ = {isa = PBXFileReference; fileEncoding = 4; lastKnownFileType = sourcecode.swift; path = SelectStationView.swift; sourceTree = "<group>"; };
		4CBC15521BCF9650002F7BD6 /* ViewPerformSelector.h */ = {isa = PBXFileReference; fileEncoding = 4; lastKnownFileType = sourcecode.c.h; path = ViewPerformSelector.h; sourceTree = "<group>"; };
		4CBC15531BCF9650002F7BD6 /* ViewPerformSelector.m */ = {isa = PBXFileReference; fileEncoding = 4; lastKnownFileType = sourcecode.c.objc; path = ViewPerformSelector.m; sourceTree = "<group>"; };
		4CBC15681BCF9A54002F7BD6 /* TableView-Bridging-Header.h */ = {isa = PBXFileReference; fileEncoding = 4; lastKnownFileType = sourcecode.c.h; path = "TableView-Bridging-Header.h"; sourceTree = "<group>"; };
/* End PBXFileReference section */

/* Begin PBXFrameworksBuildPhase section */
		4CBC15051BCF9593002F7BD6 /* Frameworks */ = {
			isa = PBXFrameworksBuildPhase;
			buildActionMask = 2147483647;
			files = (
			);
			runOnlyForDeploymentPostprocessing = 0;
		};
		4CBC15191BCF9593002F7BD6 /* Frameworks */ = {
			isa = PBXFrameworksBuildPhase;
			buildActionMask = 2147483647;
			files = (
			);
			runOnlyForDeploymentPostprocessing = 0;
		};
		4CBC15241BCF9593002F7BD6 /* Frameworks */ = {
			isa = PBXFrameworksBuildPhase;
			buildActionMask = 2147483647;
			files = (
			);
			runOnlyForDeploymentPostprocessing = 0;
		};
/* End PBXFrameworksBuildPhase section */

/* Begin PBXGroup section */
		4CBC14FF1BCF9593002F7BD6 = {
			isa = PBXGroup;
			children = (
				4CBC150A1BCF9593002F7BD6 /* TableViewIndex */,
				4CBC151F1BCF9593002F7BD6 /* TableViewIndexTests */,
				4CBC152A1BCF9593002F7BD6 /* TableViewIndexUITests */,
				4CBC15091BCF9593002F7BD6 /* Products */,
			);
			sourceTree = "<group>";
		};
		4CBC15091BCF9593002F7BD6 /* Products */ = {
			isa = PBXGroup;
			children = (
				4CBC15081BCF9593002F7BD6 /* TableViewIndex.app */,
				4CBC151C1BCF9593002F7BD6 /* TableViewIndexTests.xctest */,
				4CBC15271BCF9593002F7BD6 /* TableViewIndexUITests.xctest */,
			);
			name = Products;
			sourceTree = "<group>";
		};
		4CBC150A1BCF9593002F7BD6 /* TableViewIndex */ = {
			isa = PBXGroup;
			children = (
				4CBC15391BCF964F002F7BD6 /* MCTableViewIndex.swift */,
				4CBC153A1BCF964F002F7BD6 /* model */,
				4CBC154B1BCF9650002F7BD6 /* SelectStationView.swift */,
				4CBC154C1BCF9650002F7BD6 /* SelectStationViewController.swift */,
				4CBC154D1BCF9650002F7BD6 /* StationViewController.swift */,
				4CBC154E1BCF9650002F7BD6 /* tableView引索View */,
				4CBC150B1BCF9593002F7BD6 /* AppDelegate.swift */,
				4CBC150D1BCF9593002F7BD6 /* ViewController.swift */,
				4CBC15681BCF9A54002F7BD6 /* TableView-Bridging-Header.h */,
				4CBC15121BCF9593002F7BD6 /* Assets.xcassets */,
				4CBC15171BCF9593002F7BD6 /* Info.plist */,
			);
			path = TableViewIndex;
			sourceTree = "<group>";
		};
		4CBC151F1BCF9593002F7BD6 /* TableViewIndexTests */ = {
			isa = PBXGroup;
			children = (
				4CBC15201BCF9593002F7BD6 /* TableViewIndexTests.swift */,
				4CBC15221BCF9593002F7BD6 /* Info.plist */,
			);
			path = TableViewIndexTests;
			sourceTree = "<group>";
		};
		4CBC152A1BCF9593002F7BD6 /* TableViewIndexUITests */ = {
			isa = PBXGroup;
			children = (
				4CBC152B1BCF9593002F7BD6 /* TableViewIndexUITests.swift */,
				4CBC152D1BCF9593002F7BD6 /* Info.plist */,
			);
			path = TableViewIndexUITests;
			sourceTree = "<group>";
		};
		4CBC153A1BCF964F002F7BD6 /* model */ = {
			isa = PBXGroup;
			children = (
				4CBC153B1BCF964F002F7BD6 /* ArrayDispose.h */,
				4CBC153C1BCF964F002F7BD6 /* ArrayDispose.m */,
				4CBC153D1BCF964F002F7BD6 /* fmdb */,
				4CBC15481BCF964F002F7BD6 /* MCDataProcessing.swift */,
				4CBC15491BCF964F002F7BD6 /* MCmodel.swift */,
				4CBC154A1BCF9650002F7BD6 /* MCSaerchModel.swift */,
			);
			path = model;
			sourceTree = "<group>";
		};
		4CBC153D1BCF964F002F7BD6 /* fmdb */ = {
			isa = PBXGroup;
			children = (
				4CBC153E1BCF964F002F7BD6 /* FMDatabase.h */,
				4CBC153F1BCF964F002F7BD6 /* FMDatabase.m */,
				4CBC15401BCF964F002F7BD6 /* FMDatabaseAdditions.h */,
				4CBC15411BCF964F002F7BD6 /* FMDatabaseAdditions.m */,
				4CBC15421BCF964F002F7BD6 /* FMDatabasePool.h */,
				4CBC15431BCF964F002F7BD6 /* FMDatabasePool.m */,
				4CBC15441BCF964F002F7BD6 /* FMDatabaseQueue.h */,
				4CBC15451BCF964F002F7BD6 /* FMDatabaseQueue.m */,
				4CBC15461BCF964F002F7BD6 /* FMResultSet.h */,
				4CBC15471BCF964F002F7BD6 /* FMResultSet.m */,
			);
			path = fmdb;
			sourceTree = "<group>";
		};
		4CBC154E1BCF9650002F7BD6 /* tableView引索View */ = {
			isa = PBXGroup;
			children = (
				4CBC154F1BCF9650002F7BD6 /* flotageBackgroud@2x.png */,
				4CBC15501BCF9650002F7BD6 /* MCTableViewIndex.swift */,
				4CBC15511BCF9650002F7BD6 /* SelectStationView.swift */,
				4CBC15521BCF9650002F7BD6 /* ViewPerformSelector.h */,
				4CBC15531BCF9650002F7BD6 /* ViewPerformSelector.m */,
			);
			path = "tableView引索View";
			sourceTree = "<group>";
		};
/* End PBXGroup section */

/* Begin PBXNativeTarget section */
		4CBC15071BCF9593002F7BD6 /* TableViewIndex */ = {
			isa = PBXNativeTarget;
			buildConfigurationList = 4CBC15301BCF9593002F7BD6 /* Build configuration list for PBXNativeTarget "TableViewIndex" */;
			buildPhases = (
				4CBC15041BCF9593002F7BD6 /* Sources */,
				4CBC15051BCF9593002F7BD6 /* Frameworks */,
				4CBC15061BCF9593002F7BD6 /* Resources */,
			);
			buildRules = (
			);
			dependencies = (
			);
			name = TableViewIndex;
			productName = TableViewIndex;
			productReference = 4CBC15081BCF9593002F7BD6 /* TableViewIndex.app */;
			productType = "com.apple.product-type.application";
		};
		4CBC151B1BCF9593002F7BD6 /* TableViewIndexTests */ = {
			isa = PBXNativeTarget;
			buildConfigurationList = 4CBC15331BCF9593002F7BD6 /* Build configuration list for PBXNativeTarget "TableViewIndexTests" */;
			buildPhases = (
				4CBC15181BCF9593002F7BD6 /* Sources */,
				4CBC15191BCF9593002F7BD6 /* Frameworks */,
				4CBC151A1BCF9593002F7BD6 /* Resources */,
			);
			buildRules = (
			);
			dependencies = (
				4CBC151E1BCF9593002F7BD6 /* PBXTargetDependency */,
			);
			name = TableViewIndexTests;
			productName = TableViewIndexTests;
			productReference = 4CBC151C1BCF9593002F7BD6 /* TableViewIndexTests.xctest */;
			productType = "com.apple.product-type.bundle.unit-test";
		};
		4CBC15261BCF9593002F7BD6 /* TableViewIndexUITests */ = {
			isa = PBXNativeTarget;
			buildConfigurationList = 4CBC15361BCF9593002F7BD6 /* Build configuration list for PBXNativeTarget "TableViewIndexUITests" */;
			buildPhases = (
				4CBC15231BCF9593002F7BD6 /* Sources */,
				4CBC15241BCF9593002F7BD6 /* Frameworks */,
				4CBC15251BCF9593002F7BD6 /* Resources */,
			);
			buildRules = (
			);
			dependencies = (
				4CBC15291BCF9593002F7BD6 /* PBXTargetDependency */,
			);
			name = TableViewIndexUITests;
			productName = TableViewIndexUITests;
			productReference = 4CBC15271BCF9593002F7BD6 /* TableViewIndexUITests.xctest */;
			productType = "com.apple.product-type.bundle.ui-testing";
		};
/* End PBXNativeTarget section */

/* Begin PBXProject section */
		4CBC15001BCF9593002F7BD6 /* Project object */ = {
			isa = PBXProject;
			attributes = {
				LastUpgradeCheck = 0700;
				ORGANIZATIONNAME = MC;
				TargetAttributes = {
					4CBC15071BCF9593002F7BD6 = {
						CreatedOnToolsVersion = 7.0.1;
					};
					4CBC151B1BCF9593002F7BD6 = {
						CreatedOnToolsVersion = 7.0.1;
						TestTargetID = 4CBC15071BCF9593002F7BD6;
					};
					4CBC15261BCF9593002F7BD6 = {
						CreatedOnToolsVersion = 7.0.1;
						TestTargetID = 4CBC15071BCF9593002F7BD6;
					};
				};
			};
			buildConfigurationList = 4CBC15031BCF9593002F7BD6 /* Build configuration list for PBXProject "TableViewIndex" */;
			compatibilityVersion = "Xcode 3.2";
			developmentRegion = English;
			hasScannedForEncodings = 0;
			knownRegions = (
				en,
				Base,
			);
			mainGroup = 4CBC14FF1BCF9593002F7BD6;
			productRefGroup = 4CBC15091BCF9593002F7BD6 /* Products */;
			projectDirPath = "";
			projectRoot = "";
			targets = (
				4CBC15071BCF9593002F7BD6 /* TableViewIndex */,
				4CBC151B1BCF9593002F7BD6 /* TableViewIndexTests */,
				4CBC15261BCF9593002F7BD6 /* TableViewIndexUITests */,
			);
		};
/* End PBXProject section */

/* Begin PBXResourcesBuildPhase section */
		4CBC15061BCF9593002F7BD6 /* Resources */ = {
			isa = PBXResourcesBuildPhase;
			buildActionMask = 2147483647;
			files = (
				4CBC15611BCF9650002F7BD6 /* flotageBackgroud@2x.png in Resources */,
				4CBC15131BCF9593002F7BD6 /* Assets.xcassets in Resources */,
			);
			runOnlyForDeploymentPostprocessing = 0;
		};
		4CBC151A1BCF9593002F7BD6 /* Resources */ = {
			isa = PBXResourcesBuildPhase;
			buildActionMask = 2147483647;
			files = (
			);
			runOnlyForDeploymentPostprocessing = 0;
		};
		4CBC15251BCF9593002F7BD6 /* Resources */ = {
			isa = PBXResourcesBuildPhase;
			buildActionMask = 2147483647;
			files = (
			);
			runOnlyForDeploymentPostprocessing = 0;
		};
/* End PBXResourcesBuildPhase section */

/* Begin PBXSourcesBuildPhase section */
		4CBC15041BCF9593002F7BD6 /* Sources */ = {
			isa = PBXSourcesBuildPhase;
			buildActionMask = 2147483647;
			files = (
				4CBC15541BCF9650002F7BD6 /* MCTableViewIndex.swift in Sources */,
				4CBC15591BCF9650002F7BD6 /* FMDatabaseQueue.m in Sources */,
				4CBC150E1BCF9593002F7BD6 /* ViewController.swift in Sources */,
				4CBC150C1BCF9593002F7BD6 /* AppDelegate.swift in Sources */,
				4CBC15561BCF9650002F7BD6 /* FMDatabase.m in Sources */,
				4CBC155D1BCF9650002F7BD6 /* MCSaerchModel.swift in Sources */,
				4CBC15581BCF9650002F7BD6 /* FMDatabasePool.m in Sources */,
				4CBC155F1BCF9650002F7BD6 /* SelectStationViewController.swift in Sources */,
				4CBC155A1BCF9650002F7BD6 /* FMResultSet.m in Sources */,
				4CBC15601BCF9650002F7BD6 /* StationViewController.swift in Sources */,
				4CBC155E1BCF9650002F7BD6 /* SelectStationView.swift in Sources */,
				4CBC155C1BCF9650002F7BD6 /* MCmodel.swift in Sources */,
				4CBC15621BCF9650002F7BD6 /* MCTableViewIndex.swift in Sources */,
				4CBC15551BCF9650002F7BD6 /* ArrayDispose.m in Sources */,
				4CBC15631BCF9650002F7BD6 /* SelectStationView.swift in Sources */,
				4CBC155B1BCF9650002F7BD6 /* MCDataProcessing.swift in Sources */,
				4CBC15571BCF9650002F7BD6 /* FMDatabaseAdditions.m in Sources */,
				4CBC15641BCF9650002F7BD6 /* ViewPerformSelector.m in Sources */,
			);
			runOnlyForDeploymentPostprocessing = 0;
		};
		4CBC15181BCF9593002F7BD6 /* Sources */ = {
			isa = PBXSourcesBuildPhase;
			buildActionMask = 2147483647;
			files = (
				4CBC15211BCF9593002F7BD6 /* TableViewIndexTests.swift in Sources */,
			);
			runOnlyForDeploymentPostprocessing = 0;
		};
		4CBC15231BCF9593002F7BD6 /* Sources */ = {
			isa = PBXSourcesBuildPhase;
			buildActionMask = 2147483647;
			files = (
				4CBC152C1BCF9593002F7BD6 /* TableViewIndexUITests.swift in Sources */,
			);
			runOnlyForDeploymentPostprocessing = 0;
		};
/* End PBXSourcesBuildPhase section */

/* Begin PBXTargetDependency section */
		4CBC151E1BCF9593002F7BD6 /* PBXTargetDependency */ = {
			isa = PBXTargetDependency;
			target = 4CBC15071BCF9593002F7BD6 /* TableViewIndex */;
			targetProxy = 4CBC151D1BCF9593002F7BD6 /* PBXContainerItemProxy */;
		};
		4CBC15291BCF9593002F7BD6 /* PBXTargetDependency */ = {
			isa = PBXTargetDependency;
			target = 4CBC15071BCF9593002F7BD6 /* TableViewIndex */;
			targetProxy = 4CBC15281BCF9593002F7BD6 /* PBXContainerItemProxy */;
		};
/* End PBXTargetDependency section */

/* Begin XCBuildConfiguration section */
		4CBC152E1BCF9593002F7BD6 /* Debug */ = {
			isa = XCBuildConfiguration;
			buildSettings = {
				ALWAYS_SEARCH_USER_PATHS = NO;
				CLANG_CXX_LANGUAGE_STANDARD = "gnu++0x";
				CLANG_CXX_LIBRARY = "libc++";
				CLANG_ENABLE_MODULES = YES;
				CLANG_ENABLE_OBJC_ARC = YES;
				CLANG_WARN_BOOL_CONVERSION = YES;
				CLANG_WARN_CONSTANT_CONVERSION = YES;
				CLANG_WARN_DIRECT_OBJC_ISA_USAGE = YES_ERROR;
				CLANG_WARN_EMPTY_BODY = YES;
				CLANG_WARN_ENUM_CONVERSION = YES;
				CLANG_WARN_INT_CONVERSION = YES;
				CLANG_WARN_OBJC_ROOT_CLASS = YES_ERROR;
				CLANG_WARN_UNREACHABLE_CODE = YES;
				CLANG_WARN__DUPLICATE_METHOD_MATCH = YES;
				"CODE_SIGN_IDENTITY[sdk=iphoneos*]" = "iPhone Developer";
				COPY_PHASE_STRIP = NO;
				DEBUG_INFORMATION_FORMAT = dwarf;
				ENABLE_STRICT_OBJC_MSGSEND = YES;
				ENABLE_TESTABILITY = YES;
				GCC_C_LANGUAGE_STANDARD = gnu99;
				GCC_DYNAMIC_NO_PIC = NO;
				GCC_NO_COMMON_BLOCKS = YES;
				GCC_OPTIMIZATION_LEVEL = 0;
				GCC_PREPROCESSOR_DEFINITIONS = (
					"DEBUG=1",
					"$(inherited)",
				);
				GCC_WARN_64_TO_32_BIT_CONVERSION = YES;
				GCC_WARN_ABOUT_RETURN_TYPE = YES_ERROR;
				GCC_WARN_UNDECLARED_SELECTOR = YES;
				GCC_WARN_UNINITIALIZED_AUTOS = YES_AGGRESSIVE;
				GCC_WARN_UNUSED_FUNCTION = YES;
				GCC_WARN_UNUSED_VARIABLE = YES;
				IPHONEOS_DEPLOYMENT_TARGET = 9.0;
				MTL_ENABLE_DEBUG_INFO = YES;
				ONLY_ACTIVE_ARCH = YES;
				SDKROOT = iphoneos;
				SWIFT_OPTIMIZATION_LEVEL = "-Onone";
				TARGETED_DEVICE_FAMILY = "1,2";
			};
			name = Debug;
		};
		4CBC152F1BCF9593002F7BD6 /* Release */ = {
			isa = XCBuildConfiguration;
			buildSettings = {
				ALWAYS_SEARCH_USER_PATHS = NO;
				CLANG_CXX_LANGUAGE_STANDARD = "gnu++0x";
				CLANG_CXX_LIBRARY = "libc++";
				CLANG_ENABLE_MODULES = YES;
				CLANG_ENABLE_OBJC_ARC = YES;
				CLANG_WARN_BOOL_CONVERSION = YES;
				CLANG_WARN_CONSTANT_CONVERSION = YES;
				CLANG_WARN_DIRECT_OBJC_ISA_USAGE = YES_ERROR;
				CLANG_WARN_EMPTY_BODY = YES;
				CLANG_WARN_ENUM_CONVERSION = YES;
				CLANG_WARN_INT_CONVERSION = YES;
				CLANG_WARN_OBJC_ROOT_CLASS = YES_ERROR;
				CLANG_WARN_UNREACHABLE_CODE = YES;
				CLANG_WARN__DUPLICATE_METHOD_MATCH = YES;
				"CODE_SIGN_IDENTITY[sdk=iphoneos*]" = "iPhone Developer";
				COPY_PHASE_STRIP = NO;
				DEBUG_INFORMATION_FORMAT = "dwarf-with-dsym";
				ENABLE_NS_ASSERTIONS = NO;
				ENABLE_STRICT_OBJC_MSGSEND = YES;
				GCC_C_LANGUAGE_STANDARD = gnu99;
				GCC_NO_COMMON_BLOCKS = YES;
				GCC_WARN_64_TO_32_BIT_CONVERSION = YES;
				GCC_WARN_ABOUT_RETURN_TYPE = YES_ERROR;
				GCC_WARN_UNDECLARED_SELECTOR = YES;
				GCC_WARN_UNINITIALIZED_AUTOS = YES_AGGRESSIVE;
				GCC_WARN_UNUSED_FUNCTION = YES;
				GCC_WARN_UNUSED_VARIABLE = YES;
				IPHONEOS_DEPLOYMENT_TARGET = 9.0;
				MTL_ENABLE_DEBUG_INFO = NO;
				SDKROOT = iphoneos;
				TARGETED_DEVICE_FAMILY = "1,2";
				VALIDATE_PRODUCT = YES;
			};
			name = Release;
		};
		4CBC15311BCF9593002F7BD6 /* Debug */ = {
			isa = XCBuildConfiguration;
			buildSettings = {
				ASSETCATALOG_COMPILER_APPICON_NAME = AppIcon;
				INFOPLIST_FILE = TableViewIndex/Info.plist;
				IPHONEOS_DEPLOYMENT_TARGET = 7.0;
				LD_RUNPATH_SEARCH_PATHS = "$(inherited) @executable_path/Frameworks";
				PRODUCT_BUNDLE_IDENTIFIER = MC.TableViewIndex;
				PRODUCT_NAME = "$(TARGET_NAME)";
				SWIFT_OBJC_BRIDGING_HEADER = "TableView/TableView-Bridging-Header.h";
			};
			name = Debug;
		};
		4CBC15321BCF9593002F7BD6 /* Release */ = {
			isa = XCBuildConfiguration;
			buildSettings = {
				ASSETCATALOG_COMPILER_APPICON_NAME = AppIcon;
				INFOPLIST_FILE = TableViewIndex/Info.plist;
				IPHONEOS_DEPLOYMENT_TARGET = 7.0;
				LD_RUNPATH_SEARCH_PATHS = "$(inherited) @executable_path/Frameworks";
				PRODUCT_BUNDLE_IDENTIFIER = MC.TableViewIndex;
				PRODUCT_NAME = "$(TARGET_NAME)";
				SWIFT_OBJC_BRIDGING_HEADER = "TableView/TableView-Bridging-Header.h";
			};
			name = Release;
		};
		4CBC15341BCF9593002F7BD6 /* Debug */ = {
			isa = XCBuildConfiguration;
			buildSettings = {
				BUNDLE_LOADER = "$(TEST_HOST)";
				INFOPLIST_FILE = TableViewIndexTests/Info.plist;
				LD_RUNPATH_SEARCH_PATHS = "$(inherited) @executable_path/Frameworks @loader_path/Frameworks";
				PRODUCT_BUNDLE_IDENTIFIER = MC.TableViewIndexTests;
				PRODUCT_NAME = "$(TARGET_NAME)";
				TEST_HOST = "$(BUILT_PRODUCTS_DIR)/TableViewIndex.app/TableViewIndex";
			};
			name = Debug;
		};
		4CBC15351BCF9593002F7BD6 /* Release */ = {
			isa = XCBuildConfiguration;
			buildSettings = {
				BUNDLE_LOADER = "$(TEST_HOST)";
				INFOPLIST_FILE = TableViewIndexTests/Info.plist;
				LD_RUNPATH_SEARCH_PATHS = "$(inherited) @executable_path/Frameworks @loader_path/Frameworks";
				PRODUCT_BUNDLE_IDENTIFIER = MC.TableViewIndexTests;
				PRODUCT_NAME = "$(TARGET_NAME)";
				TEST_HOST = "$(BUILT_PRODUCTS_DIR)/TableViewIndex.app/TableViewIndex";
			};
			name = Release;
		};
		4CBC15371BCF9593002F7BD6 /* Debug */ = {
			isa = XCBuildConfiguration;
			buildSettings = {
				INFOPLIST_FILE = TableViewIndexUITests/Info.plist;
				LD_RUNPATH_SEARCH_PATHS = "$(inherited) @executable_path/Frameworks @loader_path/Frameworks";
				PRODUCT_BUNDLE_IDENTIFIER = MC.TableViewIndexUITests;
				PRODUCT_NAME = "$(TARGET_NAME)";
				TEST_TARGET_NAME = TableViewIndex;
				USES_XCTRUNNER = YES;
			};
			name = Debug;
		};
		4CBC15381BCF9593002F7BD6 /* Release */ = {
			isa = XCBuildConfiguration;
			buildSettings = {
				INFOPLIST_FILE = TableViewIndexUITests/Info.plist;
				LD_RUNPATH_SEARCH_PATHS = "$(inherited) @executable_path/Frameworks @loader_path/Frameworks";
				PRODUCT_BUNDLE_IDENTIFIER = MC.TableViewIndexUITests;
				PRODUCT_NAME = "$(TARGET_NAME)";
				TEST_TARGET_NAME = TableViewIndex;
				USES_XCTRUNNER = YES;
			};
			name = Release;
		};
/* End XCBuildConfiguration section */

/* Begin XCConfigurationList section */
		4CBC15031BCF9593002F7BD6 /* Build configuration list for PBXProject "TableViewIndex" */ = {
			isa = XCConfigurationList;
			buildConfigurations = (
				4CBC152E1BCF9593002F7BD6 /* Debug */,
				4CBC152F1BCF9593002F7BD6 /* Release */,
			);
			defaultConfigurationIsVisible = 0;
			defaultConfigurationName = Release;
		};
		4CBC15301BCF9593002F7BD6 /* Build configuration list for PBXNativeTarget "TableViewIndex" */ = {
			isa = XCConfigurationList;
			buildConfigurations = (
				4CBC15311BCF9593002F7BD6 /* Debug */,
				4CBC15321BCF9593002F7BD6 /* Release */,
			);
			defaultConfigurationIsVisible = 0;
		};
		4CBC15331BCF9593002F7BD6 /* Build configuration list for PBXNativeTarget "TableViewIndexTests" */ = {
			isa = XCConfigurationList;
			buildConfigurations = (
				4CBC15341BCF9593002F7BD6 /* Debug */,
				4CBC15351BCF9593002F7BD6 /* Release */,
			);
			defaultConfigurationIsVisible = 0;
		};
		4CBC15361BCF9593002F7BD6 /* Build configuration list for PBXNativeTarget "TableViewIndexUITests" */ = {
			isa = XCConfigurationList;
			buildConfigurations = (
				4CBC15371BCF9593002F7BD6 /* Debug */,
				4CBC15381BCF9593002F7BD6 /* Release */,
			);
			defaultConfigurationIsVisible = 0;
		};
/* End XCConfigurationList section */
	};
	rootObject = 4CBC15001BCF9593002F7BD6 /* Project object */;
}
